
Microsoft Visual Studio Solution File, Format Version 12.00
# Visual Studio 15
VisualStudioVersion = 15.0.35116.124
MinimumVisualStudioVersion = 10.0.40219.1
Project("{8BC9CEB8-8B4A-11D0-8D11-00A0C91BC942}") = "Adrian", "Adrian\Adrian.vcxproj", "{75F911BA-650E-4CD0-8B95-4AB0F95391DD}"
EndProject
Project("{8BC9CEB8-8B4A-11D0-8D11-00A0C91BC942}") = "SDL", "SDL\SDL.vcxproj", "{ACE67A13-0329-445E-AC2F-41BA56F0B1FF}"
EndProject
Project("{8BC9CEB8-8B4A-11D0-8D11-00A0C91BC942}") = "libfreetype", "libfreetype\libfreetype.vcxproj", "{40019CFF-D32E-4BCF-9831-17F1F15690C5}"
EndProject
Project("{8BC9CEB8-8B4A-11D0-8D11-00A0C91BC942}") = "libglew", "libglew\libglew.vcxproj", "{9DBCE6B3-8CBD-4A62-BFD1-315A8459C8B0}"
EndProject
Project("{8BC9CEB8-8B4A-11D0-8D11-00A0C91BC942}") = "native_midi", "native_midi\native_midi.vcxproj", "{11399E42-DF58-4AAA-84F8-F2D49E2C72B0}"
EndProject
Project("{8BC9CEB8-8B4A-11D0-8D11-00A0C91BC942}") = "SDL_image", "SDL_image\SDL_image.vcxproj", "{D36512FA-4A33-45C5-85EF-175BB0DB50C4}"
EndProject
Project("{8BC9CEB8-8B4A-11D0-8D11-00A0C91BC942}") = "SDL_mixer", "SDL_mixer\SDL_mixer.vcxproj", "{D7A95EA1-A604-4EF3-B126-CBB5C9ECF4D8}"
EndProject
Project("{8BC9CEB8-8B4A-11D0-8D11-00A0C91BC942}") = "SDL_ttf", "SDL_ttf\SDL_ttf.vcxproj", "{3B1C2F7A-BE44-4955-96B7-3AA9027C1D9C}"
EndProject
Project("{8BC9CEB8-8B4A-11D0-8D11-00A0C91BC942}") = "SDLmain", "SDLmain\SDLmain.vcxproj", "{3E8812E5-A15B-4CC6-8FA3-030E7A2D3C2B}"
EndProject
Project("{8BC9CEB8-8B4A-11D0-8D11-00A0C91BC942}") = "timidity", "timidity\timidity.vcxproj", "{3806756F-DA5D-4833-B25C-471B5E3B3F1A}"
EndProject
Project("{8BC9CEB8-8B4A-11D0-8D11-00A0C91BC942}") = "libxml2", "libxml2\libxml2.vcxproj", "{D49859E8-CCF3-46A8-AA48-3B44BD40ED8E}"
EndProject
Project("{8BC9CEB8-8B4A-11D0-8D11-00A0C91BC942}") = "libpng", "libpng\libpng.vcxproj", "{9FA093F1-A096-447A-979A-B9E9D808C82C}"
EndProject
Project("{8BC9CEB8-8B4A-11D0-8D11-00A0C91BC942}") = "libzlib", "libzlib\libzlib.vcxproj", "{3EDA72B4-0BF1-4D04-ADE4-B6ED77CDB985}"
EndProject
Global
	GlobalSection(SolutionConfigurationPlatforms) = preSolution
		Debug|x64 = Debug|x64
		Debug|x86 = Debug|x86
		Release|x64 = Release|x64
		Release|x86 = Release|x86
	EndGlobalSection
	GlobalSection(ProjectConfigurationPlatforms) = postSolution
		{75F911BA-650E-4CD0-8B95-4AB0F95391DD}.Debug|x64.ActiveCfg = Debug|x64
		{75F911BA-650E-4CD0-8B95-4AB0F95391DD}.Debug|x64.Build.0 = Debug|x64
		{75F911BA-650E-4CD0-8B95-4AB0F95391DD}.Debug|x86.ActiveCfg = Debug|Win32
		{75F911BA-650E-4CD0-8B95-4AB0F95391DD}.Debug|x86.Build.0 = Debug|Win32
		{75F911BA-650E-4CD0-8B95-4AB0F95391DD}.Release|x64.ActiveCfg = Release|x64
		{75F911BA-650E-4CD0-8B95-4AB0F95391DD}.Release|x64.Build.0 = Release|x64
		{75F911BA-650E-4CD0-8B95-4AB0F95391DD}.Release|x86.ActiveCfg = Release|Win32
		{75F911BA-650E-4CD0-8B95-4AB0F95391DD}.Release|x86.Build.0 = Release|Win32
		{ACE67A13-0329-445E-AC2F-41BA56F0B1FF}.Debug|x64.ActiveCfg = Debug|x64
		{ACE67A13-0329-445E-AC2F-41BA56F0B1FF}.Debug|x64.Build.0 = Debug|x64
		{ACE67A13-0329-445E-AC2F-41BA56F0B1FF}.Debug|x86.ActiveCfg = Debug|Win32
		{ACE67A13-0329-445E-AC2F-41BA56F0B1FF}.Debug|x86.Build.0 = Debug|Win32
		{ACE67A13-0329-445E-AC2F-41BA56F0B1FF}.Release|x64.ActiveCfg = Release|x64
		{ACE67A13-0329-445E-AC2F-41BA56F0B1FF}.Release|x64.Build.0 = Release|x64
		{ACE67A13-0329-445E-AC2F-41BA56F0B1FF}.Release|x86.ActiveCfg = Release|Win32
		{ACE67A13-0329-445E-AC2F-41BA56F0B1FF}.Release|x86.Build.0 = Release|Win32
		{40019CFF-D32E-4BCF-9831-17F1F15690C5}.Debug|x64.ActiveCfg = Debug|x64
		{40019CFF-D32E-4BCF-9831-17F1F15690C5}.Debug|x64.Build.0 = Debug|x64
		{40019CFF-D32E-4BCF-9831-17F1F15690C5}.Debug|x86.ActiveCfg = Debug|Win32
		{40019CFF-D32E-4BCF-9831-17F1F15690C5}.Debug|x86.Build.0 = Debug|Win32
		{40019CFF-D32E-4BCF-9831-17F1F15690C5}.Release|x64.ActiveCfg = Release|x64
		{40019CFF-D32E-4BCF-9831-17F1F15690C5}.Release|x64.Build.0 = Release|x64
		{40019CFF-D32E-4BCF-9831-17F1F15690C5}.Release|x86.ActiveCfg = Release|Win32
		{40019CFF-D32E-4BCF-9831-17F1F15690C5}.Release|x86.Build.0 = Release|Win32
		{9DBCE6B3-8CBD-4A62-BFD1-315A8459C8B0}.Debug|x64.ActiveCfg = Debug|x64
		{9DBCE6B3-8CBD-4A62-BFD1-315A8459C8B0}.Debug|x64.Build.0 = Debug|x64
		{9DBCE6B3-8CBD-4A62-BFD1-315A8459C8B0}.Debug|x86.ActiveCfg = Debug|Win32
		{9DBCE6B3-8CBD-4A62-BFD1-315A8459C8B0}.Debug|x86.Build.0 = Debug|Win32
		{9DBCE6B3-8CBD-4A62-BFD1-315A8459C8B0}.Release|x64.ActiveCfg = Release|x64
		{9DBCE6B3-8CBD-4A62-BFD1-315A8459C8B0}.Release|x64.Build.0 = Release|x64
		{9DBCE6B3-8CBD-4A62-BFD1-315A8459C8B0}.Release|x86.ActiveCfg = Release|Win32
		{9DBCE6B3-8CBD-4A62-BFD1-315A8459C8B0}.Release|x86.Build.0 = Release|Win32
		{11399E42-DF58-4AAA-84F8-F2D49E2C72B0}.Debug|x64.ActiveCfg = Debug|x64
		{11399E42-DF58-4AAA-84F8-F2D49E2C72B0}.Debug|x64.Build.0 = Debug|x64
		{11399E42-DF58-4AAA-84F8-F2D49E2C72B0}.Debug|x86.ActiveCfg = Debug|Win32
		{11399E42-DF58-4AAA-84F8-F2D49E2C72B0}.Debug|x86.Build.0 = Debug|Win32
		{11399E42-DF58-4AAA-84F8-F2D49E2C72B0}.Release|x64.ActiveCfg = Release|x64
		{11399E42-DF58-4AAA-84F8-F2D49E2C72B0}.Release|x64.Build.0 = Release|x64
		{11399E42-DF58-4AAA-84F8-F2D49E2C72B0}.Release|x86.ActiveCfg = Release|Win32
		{11399E42-DF58-4AAA-84F8-F2D49E2C72B0}.Release|x86.Build.0 = Release|Win32
		{D36512FA-4A33-45C5-85EF-175BB0DB50C4}.Debug|x64.ActiveCfg = Debug|x64
		{D36512FA-4A33-45C5-85EF-175BB0DB50C4}.Debug|x64.Build.0 = Debug|x64
		{D36512FA-4A33-45C5-85EF-175BB0DB50C4}.Debug|x86.ActiveCfg = Debug|Win32
		{D36512FA-4A33-45C5-85EF-175BB0DB50C4}.Debug|x86.Build.0 = Debug|Win32
		{D36512FA-4A33-45C5-85EF-175BB0DB50C4}.Release|x64.ActiveCfg = Release|x64
		{D36512FA-4A33-45C5-85EF-175BB0DB50C4}.Release|x64.Build.0 = Release|x64
		{D36512FA-4A33-45C5-85EF-175BB0DB50C4}.Release|x86.ActiveCfg = Release|Win32
		{D36512FA-4A33-45C5-85EF-175BB0DB50C4}.Release|x86.Build.0 = Release|Win32
		{D7A95EA1-A604-4EF3-B126-CBB5C9ECF4D8}.Debug|x64.ActiveCfg = Debug|x64
		{D7A95EA1-A604-4EF3-B126-CBB5C9ECF4D8}.Debug|x64.Build.0 = Debug|x64
		{D7A95EA1-A604-4EF3-B126-CBB5C9ECF4D8}.Debug|x86.ActiveCfg = Debug|Win32
		{D7A95EA1-A604-4EF3-B126-CBB5C9ECF4D8}.Debug|x86.Build.0 = Debug|Win32
		{D7A95EA1-A604-4EF3-B126-CBB5C9ECF4D8}.Release|x64.ActiveCfg = Release|x64
		{D7A95EA1-A604-4EF3-B126-CBB5C9ECF4D8}.Release|x64.Build.0 = Release|x64
		{D7A95EA1-A604-4EF3-B126-CBB5C9ECF4D8}.Release|x86.ActiveCfg = Release|Win32
		{D7A95EA1-A604-4EF3-B126-CBB5C9ECF4D8}.Release|x86.Build.0 = Release|Win32
		{3B1C2F7A-BE44-4955-96B7-3AA9027C1D9C}.Debug|x64.ActiveCfg = Debug|x64
		{3B1C2F7A-BE44-4955-96B7-3AA9027C1D9C}.Debug|x64.Build.0 = Debug|x64
		{3B1C2F7A-BE44-4955-96B7-3AA9027C1D9C}.Debug|x86.ActiveCfg = Debug|Win32
		{3B1C2F7A-BE44-4955-96B7-3AA9027C1D9C}.Debug|x86.Build.0 = Debug|Win32
		{3B1C2F7A-BE44-4955-96B7-3AA9027C1D9C}.Release|x64.ActiveCfg = Release|x64
		{3B1C2F7A-BE44-4955-96B7-3AA9027C1D9C}.Release|x64.Build.0 = Release|x64
		{3B1C2F7A-BE44-4955-96B7-3AA9027C1D9C}.Release|x86.ActiveCfg = Release|Win32
		{3B1C2F7A-BE44-4955-96B7-3AA9027C1D9C}.Release|x86.Build.0 = Release|Win32
		{3E8812E5-A15B-4CC6-8FA3-030E7A2D3C2B}.Debug|x64.ActiveCfg = Debug|x64
		{3E8812E5-A15B-4CC6-8FA3-030E7A2D3C2B}.Debug|x64.Build.0 = Debug|x64
		{3E8812E5-A15B-4CC6-8FA3-030E7A2D3C2B}.Debug|x86.ActiveCfg = Debug|Win32
		{3E8812E5-A15B-4CC6-8FA3-030E7A2D3C2B}.Debug|x86.Build.0 = Debug|Win32
		{3E8812E5-A15B-4CC6-8FA3-030E7A2D3C2B}.Release|x64.ActiveCfg = Release|x64
		{3E8812E5-A15B-4CC6-8FA3-030E7A2D3C2B}.Release|x64.Build.0 = Release|x64
		{3E8812E5-A15B-4CC6-8FA3-030E7A2D3C2B}.Release|x86.ActiveCfg = Release|Win32
		{3E8812E5-A15B-4CC6-8FA3-030E7A2D3C2B}.Release|x86.Build.0 = Release|Win32
		{3806756F-DA5D-4833-B25C-471B5E3B3F1A}.Debug|x64.ActiveCfg = Debug|x64
		{3806756F-DA5D-4833-B25C-471B5E3B3F1A}.Debug|x64.Build.0 = Debug|x64
		{3806756F-DA5D-4833-B25C-471B5E3B3F1A}.Debug|x86.ActiveCfg = Debug|Win32
		{3806756F-DA5D-4833-B25C-471B5E3B3F1A}.Debug|x86.Build.0 = Debug|Win32
		{3806756F-DA5D-4833-B25C-471B5E3B3F1A}.Release|x64.ActiveCfg = Release|x64
		{3806756F-DA5D-4833-B25C-471B5E3B3F1A}.Release|x64.Build.0 = Release|x64
		{3806756F-DA5D-4833-B25C-471B5E3B3F1A}.Release|x86.ActiveCfg = Release|Win32
		{3806756F-DA5D-4833-B25C-471B5E3B3F1A}.Release|x86.Build.0 = Release|Win32
		{D49859E8-CCF3-46A8-AA48-3B44BD40ED8E}.Debug|x64.ActiveCfg = Debug|x64
		{D49859E8-CCF3-46A8-AA48-3B44BD40ED8E}.Debug|x64.Build.0 = Debug|x64
		{D49859E8-CCF3-46A8-AA48-3B44BD40ED8E}.Debug|x86.ActiveCfg = Debug|Win32
		{D49859E8-CCF3-46A8-AA48-3B44BD40ED8E}.Debug|x86.Build.0 = Debug|Win32
		{D49859E8-CCF3-46A8-AA48-3B44BD40ED8E}.Release|x64.ActiveCfg = Release|x64
		{D49859E8-CCF3-46A8-AA48-3B44BD40ED8E}.Release|x64.Build.0 = Release|x64
		{D49859E8-CCF3-46A8-AA48-3B44BD40ED8E}.Release|x86.ActiveCfg = Release|Win32
		{D49859E8-CCF3-46A8-AA48-3B44BD40ED8E}.Release|x86.Build.0 = Release|Win32
		{9FA093F1-A096-447A-979A-B9E9D808C82C}.Debug|x64.ActiveCfg = Debug|x64
		{9FA093F1-A096-447A-979A-B9E9D808C82C}.Debug|x64.Build.0 = Debug|x64
		{9FA093F1-A096-447A-979A-B9E9D808C82C}.Debug|x86.ActiveCfg = Debug|Win32
		{9FA093F1-A096-447A-979A-B9E9D808C82C}.Debug|x86.Build.0 = Debug|Win32
		{9FA093F1-A096-447A-979A-B9E9D808C82C}.Release|x64.ActiveCfg = Release|x64
		{9FA093F1-A096-447A-979A-B9E9D808C82C}.Release|x64.Build.0 = Release|x64
		{9FA093F1-A096-447A-979A-B9E9D808C82C}.Release|x86.ActiveCfg = Release|Win32
		{9FA093F1-A096-447A-979A-B9E9D808C82C}.Release|x86.Build.0 = Release|Win32
		{3EDA72B4-0BF1-4D04-ADE4-B6ED77CDB985}.Debug|x64.ActiveCfg = Debug|x64
		{3EDA72B4-0BF1-4D04-ADE4-B6ED77CDB985}.Debug|x64.Build.0 = Debug|x64
		{3EDA72B4-0BF1-4D04-ADE4-B6ED77CDB985}.Debug|x86.ActiveCfg = Debug|Win32
		{3EDA72B4-0BF1-4D04-ADE4-B6ED77CDB985}.Debug|x86.Build.0 = Debug|Win32
		{3EDA72B4-0BF1-4D04-ADE4-B6ED77CDB985}.Release|x64.ActiveCfg = Release|x64
		{3EDA72B4-0BF1-4D04-ADE4-B6ED77CDB985}.Release|x64.Build.0 = Release|x64
		{3EDA72B4-0BF1-4D04-ADE4-B6ED77CDB985}.Release|x86.ActiveCfg = Release|Win32
		{3EDA72B4-0BF1-4D04-ADE4-B6ED77CDB985}.Release|x86.Build.0 = Release|Win32
	EndGlobalSection
	GlobalSection(SolutionProperties) = preSolution
		HideSolutionNode = FALSE
	EndGlobalSection
	GlobalSection(ExtensibilityGlobals) = postSolution
		SolutionGuid = {A0DC0BD9-2910-4F0D-8FF8-11D016A172C8}
	EndGlobalSection
EndGlobal
